
Microsoft Visual Studio Solution File, Format Version 12.00
# Visual Studio Version 16
VisualStudioVersion = 25.0.1705.4
MinimumVisualStudioVersion = 10.0.40219.1
Project("{F2A71F9B-5D33-465A-A702-920D77279786}") = "Fibonacci Sequence", "Fibonacci Sequence\Fibonacci Sequence.fsproj", "{132CDA75-C750-4F12-A933-5270B2C4B6D6}"
EndProject
Global
	GlobalSection(SolutionConfigurationPlatforms) = preSolution
		Debug|Any CPU = Debug|Any CPU
		Release|Any CPU = Release|Any CPU
	EndGlobalSection
	GlobalSection(ProjectConfigurationPlatforms) = postSolution
		{132CDA75-C750-4F12-A933-5270B2C4B6D6}.Debug|Any CPU.ActiveCfg = Debug|Any CPU
		{132CDA75-C750-4F12-A933-5270B2C4B6D6}.Debug|Any CPU.Build.0 = Debug|Any CPU
		{132CDA75-C750-4F12-A933-5270B2C4B6D6}.Release|Any CPU.ActiveCfg = Release|Any CPU
		{132CDA75-C750-4F12-A933-5270B2C4B6D6}.Release|Any CPU.Build.0 = Release|Any CPU
	EndGlobalSection
	GlobalSection(SolutionProperties) = preSolution
		HideSolutionNode = FALSE
	EndGlobalSection
	GlobalSection(ExtensibilityGlobals) = postSolution
		SolutionGuid = {C1DBB327-B410-4D73-8896-FEFB03D39670}
	EndGlobalSection
EndGlobal
